
Microsoft Visual Studio Solution File, Format Version 12.00
# Visual Studio Version 17
VisualStudioVersion = 17.11.35327.3
MinimumVisualStudioVersion = 10.0.40219.1
Project("{8BC9CEB8-8B4A-11D0-8D11-00A0C91BC942}") = "Project1", "Project1\Project1.vcxproj", "{8F047531-EA74-4BCB-A395-A53543D7B4AA}"
EndProject
Project("{8BC9CEB8-8B4A-11D0-8D11-00A0C91BC942}") = "Project2", "Project2\Project2.vcxproj", "{EA293065-E997-4FC3-BFF9-E71BE7A8E9AA}"
EndProject
Project("{8BC9CEB8-8B4A-11D0-8D11-00A0C91BC942}") = "Project3", "Project3\Project3.vcxproj", "{1C6F51B4-9332-41AE-A9C6-DF104881E84D}"
EndProject
Project("{8BC9CEB8-8B4A-11D0-8D11-00A0C91BC942}") = "Project4", "Project4\Project4.vcxproj", "{C7367754-2585-4005-9F46-9831677DB648}"
EndProject
Global
	GlobalSection(SolutionConfigurationPlatforms) = preSolution
		Debug|x64 = Debug|x64
		Debug|x86 = Debug|x86
		Release|x64 = Release|x64
		Release|x86 = Release|x86
	EndGlobalSection
	GlobalSection(ProjectConfigurationPlatforms) = postSolution
		{8F047531-EA74-4BCB-A395-A53543D7B4AA}.Debug|x64.ActiveCfg = Debug|x64
		{8F047531-EA74-4BCB-A395-A53543D7B4AA}.Debug|x64.Build.0 = Debug|x64
		{8F047531-EA74-4BCB-A395-A53543D7B4AA}.Debug|x86.ActiveCfg = Debug|Win32
		{8F047531-EA74-4BCB-A395-A53543D7B4AA}.Debug|x86.Build.0 = Debug|Win32
		{8F047531-EA74-4BCB-A395-A53543D7B4AA}.Release|x64.ActiveCfg = Release|x64
		{8F047531-EA74-4BCB-A395-A53543D7B4AA}.Release|x64.Build.0 = Release|x64
		{8F047531-EA74-4BCB-A395-A53543D7B4AA}.Release|x86.ActiveCfg = Release|Win32
		{8F047531-EA74-4BCB-A395-A53543D7B4AA}.Release|x86.Build.0 = Release|Win32
		{EA293065-E997-4FC3-BFF9-E71BE7A8E9AA}.Debug|x64.ActiveCfg = Debug|x64
		{EA293065-E997-4FC3-BFF9-E71BE7A8E9AA}.Debug|x64.Build.0 = Debug|x64
		{EA293065-E997-4FC3-BFF9-E71BE7A8E9AA}.Debug|x86.ActiveCfg = Debug|Win32
		{EA293065-E997-4FC3-BFF9-E71BE7A8E9AA}.Debug|x86.Build.0 = Debug|Win32
		{EA293065-E997-4FC3-BFF9-E71BE7A8E9AA}.Release|x64.ActiveCfg = Release|x64
		{EA293065-E997-4FC3-BFF9-E71BE7A8E9AA}.Release|x64.Build.0 = Release|x64
		{EA293065-E997-4FC3-BFF9-E71BE7A8E9AA}.Release|x86.ActiveCfg = Release|Win32
		{EA293065-E997-4FC3-BFF9-E71BE7A8E9AA}.Release|x86.Build.0 = Release|Win32
		{1C6F51B4-9332-41AE-A9C6-DF104881E84D}.Debug|x64.ActiveCfg = Debug|x64
		{1C6F51B4-9332-41AE-A9C6-DF104881E84D}.Debug|x64.Build.0 = Debug|x64
		{1C6F51B4-9332-41AE-A9C6-DF104881E84D}.Debug|x86.ActiveCfg = Debug|Win32
		{1C6F51B4-9332-41AE-A9C6-DF104881E84D}.Debug|x86.Build.0 = Debug|Win32
		{1C6F51B4-9332-41AE-A9C6-DF104881E84D}.Release|x64.ActiveCfg = Release|x64
		{1C6F51B4-9332-41AE-A9C6-DF104881E84D}.Release|x64.Build.0 = Release|x64
		{1C6F51B4-9332-41AE-A9C6-DF104881E84D}.Release|x86.ActiveCfg = Release|Win32
		{1C6F51B4-9332-41AE-A9C6-DF104881E84D}.Release|x86.Build.0 = Release|Win32
		{C7367754-2585-4005-9F46-9831677DB648}.Debug|x64.ActiveCfg = Debug|x64
		{C7367754-2585-4005-9F46-9831677DB648}.Debug|x64.Build.0 = Debug|x64
		{C7367754-2585-4005-9F46-9831677DB648}.Debug|x86.ActiveCfg = Debug|Win32
		{C7367754-2585-4005-9F46-9831677DB648}.Debug|x86.Build.0 = Debug|Win32
		{C7367754-2585-4005-9F46-9831677DB648}.Release|x64.ActiveCfg = Release|x64
		{C7367754-2585-4005-9F46-9831677DB648}.Release|x64.Build.0 = Release|x64
		{C7367754-2585-4005-9F46-9831677DB648}.Release|x86.ActiveCfg = Release|Win32
		{C7367754-2585-4005-9F46-9831677DB648}.Release|x86.Build.0 = Release|Win32
	EndGlobalSection
	GlobalSection(SolutionProperties) = preSolution
		HideSolutionNode = FALSE
	EndGlobalSection
	GlobalSection(ExtensibilityGlobals) = postSolution
		SolutionGuid = {1422D7C6-26D7-4615-8A14-8B97EC121BDD}
	EndGlobalSection
EndGlobal
